
Microsoft Visual Studio Solution File, Format Version 11.00
# Visual Studio 2010
Project("{FAE04EC0-301F-11D3-BF4B-00C04F79EFBC}") = "promos", "promos.csproj", "{060F049D-C243-4D80-87E0-F6887A779B7E}"
EndProject
Project("{FAE04EC0-301F-11D3-BF4B-00C04F79EFBC}") = "BAL", "BAL\BAL.csproj", "{3026BDAF-7D1B-4D7C-AB34-E1DDABAADF01}"
EndProject
Project("{FAE04EC0-301F-11D3-BF4B-00C04F79EFBC}") = "DAL", "DAL\DAL.csproj", "{1201F30D-4DA4-41F3-8081-18BE7CEDEFB6}"
EndProject
Project("{FAE04EC0-301F-11D3-BF4B-00C04F79EFBC}") = "appServices", "appServices\appServices.csproj", "{677D57FD-E75B-4A63-A594-D132EC2E754A}"
EndProject
Global
	GlobalSection(SolutionConfigurationPlatforms) = preSolution
		Debug|Any CPU = Debug|Any CPU
		Release|Any CPU = Release|Any CPU
	EndGlobalSection
	GlobalSection(ProjectConfigurationPlatforms) = postSolution
		{060F049D-C243-4D80-87E0-F6887A779B7E}.Debug|Any CPU.ActiveCfg = Debug|Any CPU
		{060F049D-C243-4D80-87E0-F6887A779B7E}.Debug|Any CPU.Build.0 = Debug|Any CPU
		{060F049D-C243-4D80-87E0-F6887A779B7E}.Release|Any CPU.ActiveCfg = Release|Any CPU
		{060F049D-C243-4D80-87E0-F6887A779B7E}.Release|Any CPU.Build.0 = Release|Any CPU
		{3026BDAF-7D1B-4D7C-AB34-E1DDABAADF01}.Debug|Any CPU.ActiveCfg = Debug|Any CPU
		{3026BDAF-7D1B-4D7C-AB34-E1DDABAADF01}.Debug|Any CPU.Build.0 = Debug|Any CPU
		{3026BDAF-7D1B-4D7C-AB34-E1DDABAADF01}.Release|Any CPU.ActiveCfg = Release|Any CPU
		{3026BDAF-7D1B-4D7C-AB34-E1DDABAADF01}.Release|Any CPU.Build.0 = Release|Any CPU
		{1201F30D-4DA4-41F3-8081-18BE7CEDEFB6}.Debug|Any CPU.ActiveCfg = Debug|Any CPU
		{1201F30D-4DA4-41F3-8081-18BE7CEDEFB6}.Debug|Any CPU.Build.0 = Debug|Any CPU
		{1201F30D-4DA4-41F3-8081-18BE7CEDEFB6}.Release|Any CPU.ActiveCfg = Release|Any CPU
		{1201F30D-4DA4-41F3-8081-18BE7CEDEFB6}.Release|Any CPU.Build.0 = Release|Any CPU
		{677D57FD-E75B-4A63-A594-D132EC2E754A}.Debug|Any CPU.ActiveCfg = Debug|Any CPU
		{677D57FD-E75B-4A63-A594-D132EC2E754A}.Debug|Any CPU.Build.0 = Debug|Any CPU
		{677D57FD-E75B-4A63-A594-D132EC2E754A}.Release|Any CPU.ActiveCfg = Release|Any CPU
		{677D57FD-E75B-4A63-A594-D132EC2E754A}.Release|Any CPU.Build.0 = Release|Any CPU
	EndGlobalSection
	GlobalSection(SolutionProperties) = preSolution
		HideSolutionNode = FALSE
	EndGlobalSection
EndGlobal
